
Microsoft Visual Studio Solution File, Format Version 12.00
# Visual Studio Version 17
VisualStudioVersion = 17.5.002.0
MinimumVisualStudioVersion = 10.0.40219.1
Project("{2150E333-8FDC-42A3-9474-1A3956D46DE8}") = "Backend", "Backend", "{CD4A95FE-D612-43C6-9994-0E917390EC39}"
EndProject
Project("{9A19103F-16F7-4668-BE54-9A1E7A4F7556}") = "App", "Backend\App\App.csproj", "{D00CB63C-B46A-4675-BA0B-6468FD3AD450}"
EndProject
Global
	GlobalSection(SolutionConfigurationPlatforms) = preSolution
		Debug|Any CPU = Debug|Any CPU
		Release|Any CPU = Release|Any CPU
	EndGlobalSection
	GlobalSection(ProjectConfigurationPlatforms) = postSolution
		{D00CB63C-B46A-4675-BA0B-6468FD3AD450}.Debug|Any CPU.ActiveCfg = Debug|Any CPU
		{D00CB63C-B46A-4675-BA0B-6468FD3AD450}.Debug|Any CPU.Build.0 = Debug|Any CPU
		{D00CB63C-B46A-4675-BA0B-6468FD3AD450}.Release|Any CPU.ActiveCfg = Release|Any CPU
		{D00CB63C-B46A-4675-BA0B-6468FD3AD450}.Release|Any CPU.Build.0 = Release|Any CPU
	EndGlobalSection
	GlobalSection(SolutionProperties) = preSolution
		HideSolutionNode = FALSE
	EndGlobalSection
	GlobalSection(NestedProjects) = preSolution
		{D00CB63C-B46A-4675-BA0B-6468FD3AD450} = {CD4A95FE-D612-43C6-9994-0E917390EC39}
	EndGlobalSection
	GlobalSection(ExtensibilityGlobals) = postSolution
		SolutionGuid = {B0F5CF7A-F304-416D-A2E6-E306ACEC1A0B}
	EndGlobalSection
EndGlobal
